
Microsoft Visual Studio Solution File, Format Version 12.00
# Visual Studio Version 16
VisualStudioVersion = 16.0.30114.105
MinimumVisualStudioVersion = 10.0.40219.1
Project("{FAE04EC0-301F-11D3-BF4B-00C04F79EFBC}") = "DirectoryTree", "DirectoryTree\DirectoryTree.csproj", "{EAB51954-0CFE-469A-9C2B-DF58268CA0DD}"
EndProject
Global
	GlobalSection(SolutionConfigurationPlatforms) = preSolution
		Debug|Any CPU = Debug|Any CPU
		Release|Any CPU = Release|Any CPU
	EndGlobalSection
	GlobalSection(ProjectConfigurationPlatforms) = postSolution
		{EAB51954-0CFE-469A-9C2B-DF58268CA0DD}.Debug|Any CPU.ActiveCfg = Debug|Any CPU
		{EAB51954-0CFE-469A-9C2B-DF58268CA0DD}.Debug|Any CPU.Build.0 = Debug|Any CPU
		{EAB51954-0CFE-469A-9C2B-DF58268CA0DD}.Release|Any CPU.ActiveCfg = Release|Any CPU
		{EAB51954-0CFE-469A-9C2B-DF58268CA0DD}.Release|Any CPU.Build.0 = Release|Any CPU
	EndGlobalSection
	GlobalSection(SolutionProperties) = preSolution
		HideSolutionNode = FALSE
	EndGlobalSection
	GlobalSection(ExtensibilityGlobals) = postSolution
		SolutionGuid = {3FEF6828-C272-40D1-AD0A-65D0C0BE7736}
	EndGlobalSection
EndGlobal
